
Microsoft Visual Studio Solution File, Format Version 12.00
# Visual Studio Version 17
VisualStudioVersion = 17.7.34024.191
MinimumVisualStudioVersion = 10.0.40219.1
Project("{FAE04EC0-301F-11D3-BF4B-00C04F79EFBC}") = "GetSPORefreshToken", "GetSPORefreshToken.csproj", "{A372A505-2AC4-4141-880F-85F195C0C1FE}"
EndProject
Global
	GlobalSection(SolutionConfigurationPlatforms) = preSolution
		Debug|Any CPU = Debug|Any CPU
		Release|Any CPU = Release|Any CPU
	EndGlobalSection
	GlobalSection(ProjectConfigurationPlatforms) = postSolution
		{A372A505-2AC4-4141-880F-85F195C0C1FE}.Debug|Any CPU.ActiveCfg = Debug|Any CPU
		{A372A505-2AC4-4141-880F-85F195C0C1FE}.Debug|Any CPU.Build.0 = Debug|Any CPU
		{A372A505-2AC4-4141-880F-85F195C0C1FE}.Release|Any CPU.ActiveCfg = Release|Any CPU
		{A372A505-2AC4-4141-880F-85F195C0C1FE}.Release|Any CPU.Build.0 = Release|Any CPU
	EndGlobalSection
	GlobalSection(SolutionProperties) = preSolution
		HideSolutionNode = FALSE
	EndGlobalSection
	GlobalSection(ExtensibilityGlobals) = postSolution
		SolutionGuid = {4034EA5D-025F-43E9-92C4-78253A247FE2}
	EndGlobalSection
EndGlobal
